
Microsoft Visual Studio Solution File, Format Version 12.00
# Visual Studio 15
VisualStudioVersion = 15.0.28307.421
MinimumVisualStudioVersion = 10.0.40219.1
Project("{FAE04EC0-301F-11D3-BF4B-00C04F79EFBC}") = "Ejercicio10.Android", "Ejercicio10\Ejercicio10.Android\Ejercicio10.Android.csproj", "{0C966114-9983-4B10-A106-72B5147937FC}"
EndProject
Project("{FAE04EC0-301F-11D3-BF4B-00C04F79EFBC}") = "Ejercicio10.iOS", "Ejercicio10\Ejercicio10.iOS\Ejercicio10.iOS.csproj", "{53FF96A3-9ABA-400B-8C57-D45446B74EAB}"
EndProject
Project("{FAE04EC0-301F-11D3-BF4B-00C04F79EFBC}") = "Ejercicio10", "Ejercicio10\Ejercicio10\Ejercicio10.csproj", "{222DD2AE-D01A-4DC7-BE25-C9F89CD000B2}"
EndProject
Global
	GlobalSection(SolutionConfigurationPlatforms) = preSolution
		Ad-Hoc|Any CPU = Ad-Hoc|Any CPU
		Ad-Hoc|iPhone = Ad-Hoc|iPhone
		Ad-Hoc|iPhoneSimulator = Ad-Hoc|iPhoneSimulator
		AppStore|Any CPU = AppStore|Any CPU
		AppStore|iPhone = AppStore|iPhone
		AppStore|iPhoneSimulator = AppStore|iPhoneSimulator
		Debug|Any CPU = Debug|Any CPU
		Debug|iPhone = Debug|iPhone
		Debug|iPhoneSimulator = Debug|iPhoneSimulator
		Release|Any CPU = Release|Any CPU
		Release|iPhone = Release|iPhone
		Release|iPhoneSimulator = Release|iPhoneSimulator
	EndGlobalSection
	GlobalSection(ProjectConfigurationPlatforms) = postSolution
		{0C966114-9983-4B10-A106-72B5147937FC}.Ad-Hoc|Any CPU.ActiveCfg = Release|Any CPU
		{0C966114-9983-4B10-A106-72B5147937FC}.Ad-Hoc|Any CPU.Build.0 = Release|Any CPU
		{0C966114-9983-4B10-A106-72B5147937FC}.Ad-Hoc|Any CPU.Deploy.0 = Release|Any CPU
		{0C966114-9983-4B10-A106-72B5147937FC}.Ad-Hoc|iPhone.ActiveCfg = Release|Any CPU
		{0C966114-9983-4B10-A106-72B5147937FC}.Ad-Hoc|iPhone.Build.0 = Release|Any CPU
		{0C966114-9983-4B10-A106-72B5147937FC}.Ad-Hoc|iPhone.Deploy.0 = Release|Any CPU
		{0C966114-9983-4B10-A106-72B5147937FC}.Ad-Hoc|iPhoneSimulator.ActiveCfg = Release|Any CPU
		{0C966114-9983-4B10-A106-72B5147937FC}.Ad-Hoc|iPhoneSimulator.Build.0 = Release|Any CPU
		{0C966114-9983-4B10-A106-72B5147937FC}.Ad-Hoc|iPhoneSimulator.Deploy.0 = Release|Any CPU
		{0C966114-9983-4B10-A106-72B5147937FC}.AppStore|Any CPU.ActiveCfg = Release|Any CPU
		{0C966114-9983-4B10-A106-72B5147937FC}.AppStore|Any CPU.Build.0 = Release|Any CPU
		{0C966114-9983-4B10-A106-72B5147937FC}.AppStore|Any CPU.Deploy.0 = Release|Any CPU
		{0C966114-9983-4B10-A106-72B5147937FC}.AppStore|iPhone.ActiveCfg = Release|Any CPU
		{0C966114-9983-4B10-A106-72B5147937FC}.AppStore|iPhone.Build.0 = Release|Any CPU
		{0C966114-9983-4B10-A106-72B5147937FC}.AppStore|iPhone.Deploy.0 = Release|Any CPU
		{0C966114-9983-4B10-A106-72B5147937FC}.AppStore|iPhoneSimulator.ActiveCfg = Release|Any CPU
		{0C966114-9983-4B10-A106-72B5147937FC}.AppStore|iPhoneSimulator.Build.0 = Release|Any CPU
		{0C966114-9983-4B10-A106-72B5147937FC}.AppStore|iPhoneSimulator.Deploy.0 = Release|Any CPU
		{0C966114-9983-4B10-A106-72B5147937FC}.Debug|Any CPU.ActiveCfg = Debug|Any CPU
		{0C966114-9983-4B10-A106-72B5147937FC}.Debug|Any CPU.Build.0 = Debug|Any CPU
		{0C966114-9983-4B10-A106-72B5147937FC}.Debug|Any CPU.Deploy.0 = Debug|Any CPU
		{0C966114-9983-4B10-A106-72B5147937FC}.Debug|iPhone.ActiveCfg = Debug|Any CPU
		{0C966114-9983-4B10-A106-72B5147937FC}.Debug|iPhone.Build.0 = Debug|Any CPU
		{0C966114-9983-4B10-A106-72B5147937FC}.Debug|iPhone.Deploy.0 = Debug|Any CPU
		{0C966114-9983-4B10-A106-72B5147937FC}.Debug|iPhoneSimulator.ActiveCfg = Debug|Any CPU
		{0C966114-9983-4B10-A106-72B5147937FC}.Debug|iPhoneSimulator.Build.0 = Debug|Any CPU
		{0C966114-9983-4B10-A106-72B5147937FC}.Debug|iPhoneSimulator.Deploy.0 = Debug|Any CPU
		{0C966114-9983-4B10-A106-72B5147937FC}.Release|Any CPU.ActiveCfg = Release|Any CPU
		{0C966114-9983-4B10-A106-72B5147937FC}.Release|Any CPU.Build.0 = Release|Any CPU
		{0C966114-9983-4B10-A106-72B5147937FC}.Release|Any CPU.Deploy.0 = Release|Any CPU
		{0C966114-9983-4B10-A106-72B5147937FC}.Release|iPhone.ActiveCfg = Release|Any CPU
		{0C966114-9983-4B10-A106-72B5147937FC}.Release|iPhone.Build.0 = Release|Any CPU
		{0C966114-9983-4B10-A106-72B5147937FC}.Release|iPhone.Deploy.0 = Release|Any CPU
		{0C966114-9983-4B10-A106-72B5147937FC}.Release|iPhoneSimulator.ActiveCfg = Release|Any CPU
		{0C966114-9983-4B10-A106-72B5147937FC}.Release|iPhoneSimulator.Build.0 = Release|Any CPU
		{0C966114-9983-4B10-A106-72B5147937FC}.Release|iPhoneSimulator.Deploy.0 = Release|Any CPU
		{53FF96A3-9ABA-400B-8C57-D45446B74EAB}.Ad-Hoc|Any CPU.ActiveCfg = Ad-Hoc|iPhone
		{53FF96A3-9ABA-400B-8C57-D45446B74EAB}.Ad-Hoc|Any CPU.Build.0 = Ad-Hoc|iPhone
		{53FF96A3-9ABA-400B-8C57-D45446B74EAB}.Ad-Hoc|Any CPU.Deploy.0 = Ad-Hoc|iPhone
		{53FF96A3-9ABA-400B-8C57-D45446B74EAB}.Ad-Hoc|iPhone.ActiveCfg = Ad-Hoc|iPhone
		{53FF96A3-9ABA-400B-8C57-D45446B74EAB}.Ad-Hoc|iPhone.Build.0 = Ad-Hoc|iPhone
		{53FF96A3-9ABA-400B-8C57-D45446B74EAB}.Ad-Hoc|iPhone.Deploy.0 = Ad-Hoc|iPhone
		{53FF96A3-9ABA-400B-8C57-D45446B74EAB}.Ad-Hoc|iPhoneSimulator.ActiveCfg = Ad-Hoc|iPhoneSimulator
		{53FF96A3-9ABA-400B-8C57-D45446B74EAB}.Ad-Hoc|iPhoneSimulator.Build.0 = Ad-Hoc|iPhoneSimulator
		{53FF96A3-9ABA-400B-8C57-D45446B74EAB}.Ad-Hoc|iPhoneSimulator.Deploy.0 = Ad-Hoc|iPhoneSimulator
		{53FF96A3-9ABA-400B-8C57-D45446B74EAB}.AppStore|Any CPU.ActiveCfg = AppStore|iPhone
		{53FF96A3-9ABA-400B-8C57-D45446B74EAB}.AppStore|Any CPU.Build.0 = AppStore|iPhone
		{53FF96A3-9ABA-400B-8C57-D45446B74EAB}.AppStore|Any CPU.Deploy.0 = AppStore|iPhone
		{53FF96A3-9ABA-400B-8C57-D45446B74EAB}.AppStore|iPhone.ActiveCfg = AppStore|iPhone
		{53FF96A3-9ABA-400B-8C57-D45446B74EAB}.AppStore|iPhone.Build.0 = AppStore|iPhone
		{53FF96A3-9ABA-400B-8C57-D45446B74EAB}.AppStore|iPhone.Deploy.0 = AppStore|iPhone
		{53FF96A3-9ABA-400B-8C57-D45446B74EAB}.AppStore|iPhoneSimulator.ActiveCfg = AppStore|iPhoneSimulator
		{53FF96A3-9ABA-400B-8C57-D45446B74EAB}.AppStore|iPhoneSimulator.Build.0 = AppStore|iPhoneSimulator
		{53FF96A3-9ABA-400B-8C57-D45446B74EAB}.AppStore|iPhoneSimulator.Deploy.0 = AppStore|iPhoneSimulator
		{53FF96A3-9ABA-400B-8C57-D45446B74EAB}.Debug|Any CPU.ActiveCfg = Debug|iPhoneSimulator
		{53FF96A3-9ABA-400B-8C57-D45446B74EAB}.Debug|Any CPU.Build.0 = Debug|iPhoneSimulator
		{53FF96A3-9ABA-400B-8C57-D45446B74EAB}.Debug|Any CPU.Deploy.0 = Debug|iPhoneSimulator
		{53FF96A3-9ABA-400B-8C57-D45446B74EAB}.Debug|iPhone.ActiveCfg = Debug|iPhone
		{53FF96A3-9ABA-400B-8C57-D45446B74EAB}.Debug|iPhone.Build.0 = Debug|iPhone
		{53FF96A3-9ABA-400B-8C57-D45446B74EAB}.Debug|iPhone.Deploy.0 = Debug|iPhone
		{53FF96A3-9ABA-400B-8C57-D45446B74EAB}.Debug|iPhoneSimulator.ActiveCfg = Debug|iPhoneSimulator
		{53FF96A3-9ABA-400B-8C57-D45446B74EAB}.Debug|iPhoneSimulator.Build.0 = Debug|iPhoneSimulator
		{53FF96A3-9ABA-400B-8C57-D45446B74EAB}.Debug|iPhoneSimulator.Deploy.0 = Debug|iPhoneSimulator
		{53FF96A3-9ABA-400B-8C57-D45446B74EAB}.Release|Any CPU.ActiveCfg = Release|iPhone
		{53FF96A3-9ABA-400B-8C57-D45446B74EAB}.Release|Any CPU.Build.0 = Release|iPhone
		{53FF96A3-9ABA-400B-8C57-D45446B74EAB}.Release|Any CPU.Deploy.0 = Release|iPhone
		{53FF96A3-9ABA-400B-8C57-D45446B74EAB}.Release|iPhone.ActiveCfg = Release|iPhone
		{53FF96A3-9ABA-400B-8C57-D45446B74EAB}.Release|iPhone.Build.0 = Release|iPhone
		{53FF96A3-9ABA-400B-8C57-D45446B74EAB}.Release|iPhone.Deploy.0 = Release|iPhone
		{53FF96A3-9ABA-400B-8C57-D45446B74EAB}.Release|iPhoneSimulator.ActiveCfg = Release|iPhoneSimulator
		{53FF96A3-9ABA-400B-8C57-D45446B74EAB}.Release|iPhoneSimulator.Build.0 = Release|iPhoneSimulator
		{53FF96A3-9ABA-400B-8C57-D45446B74EAB}.Release|iPhoneSimulator.Deploy.0 = Release|iPhoneSimulator
		{222DD2AE-D01A-4DC7-BE25-C9F89CD000B2}.Ad-Hoc|Any CPU.ActiveCfg = Debug|Any CPU
		{222DD2AE-D01A-4DC7-BE25-C9F89CD000B2}.Ad-Hoc|Any CPU.Build.0 = Debug|Any CPU
		{222DD2AE-D01A-4DC7-BE25-C9F89CD000B2}.Ad-Hoc|Any CPU.Deploy.0 = Debug|Any CPU
		{222DD2AE-D01A-4DC7-BE25-C9F89CD000B2}.Ad-Hoc|iPhone.ActiveCfg = Debug|Any CPU
		{222DD2AE-D01A-4DC7-BE25-C9F89CD000B2}.Ad-Hoc|iPhone.Build.0 = Debug|Any CPU
		{222DD2AE-D01A-4DC7-BE25-C9F89CD000B2}.Ad-Hoc|iPhone.Deploy.0 = Debug|Any CPU
		{222DD2AE-D01A-4DC7-BE25-C9F89CD000B2}.Ad-Hoc|iPhoneSimulator.ActiveCfg = Debug|Any CPU
		{222DD2AE-D01A-4DC7-BE25-C9F89CD000B2}.Ad-Hoc|iPhoneSimulator.Build.0 = Debug|Any CPU
		{222DD2AE-D01A-4DC7-BE25-C9F89CD000B2}.Ad-Hoc|iPhoneSimulator.Deploy.0 = Debug|Any CPU
		{222DD2AE-D01A-4DC7-BE25-C9F89CD000B2}.AppStore|Any CPU.ActiveCfg = Debug|Any CPU
		{222DD2AE-D01A-4DC7-BE25-C9F89CD000B2}.AppStore|Any CPU.Build.0 = Debug|Any CPU
		{222DD2AE-D01A-4DC7-BE25-C9F89CD000B2}.AppStore|Any CPU.Deploy.0 = Debug|Any CPU
		{222DD2AE-D01A-4DC7-BE25-C9F89CD000B2}.AppStore|iPhone.ActiveCfg = Debug|Any CPU
		{222DD2AE-D01A-4DC7-BE25-C9F89CD000B2}.AppStore|iPhone.Build.0 = Debug|Any CPU
		{222DD2AE-D01A-4DC7-BE25-C9F89CD000B2}.AppStore|iPhone.Deploy.0 = Debug|Any CPU
		{222DD2AE-D01A-4DC7-BE25-C9F89CD000B2}.AppStore|iPhoneSimulator.ActiveCfg = Debug|Any CPU
		{222DD2AE-D01A-4DC7-BE25-C9F89CD000B2}.AppStore|iPhoneSimulator.Build.0 = Debug|Any CPU
		{222DD2AE-D01A-4DC7-BE25-C9F89CD000B2}.AppStore|iPhoneSimulator.Deploy.0 = Debug|Any CPU
		{222DD2AE-D01A-4DC7-BE25-C9F89CD000B2}.Debug|Any CPU.ActiveCfg = Debug|Any CPU
		{222DD2AE-D01A-4DC7-BE25-C9F89CD000B2}.Debug|Any CPU.Build.0 = Debug|Any CPU
		{222DD2AE-D01A-4DC7-BE25-C9F89CD000B2}.Debug|Any CPU.Deploy.0 = Debug|Any CPU
		{222DD2AE-D01A-4DC7-BE25-C9F89CD000B2}.Debug|iPhone.ActiveCfg = Debug|Any CPU
		{222DD2AE-D01A-4DC7-BE25-C9F89CD000B2}.Debug|iPhone.Build.0 = Debug|Any CPU
		{222DD2AE-D01A-4DC7-BE25-C9F89CD000B2}.Debug|iPhone.Deploy.0 = Debug|Any CPU
		{222DD2AE-D01A-4DC7-BE25-C9F89CD000B2}.Debug|iPhoneSimulator.ActiveCfg = Debug|Any CPU
		{222DD2AE-D01A-4DC7-BE25-C9F89CD000B2}.Debug|iPhoneSimulator.Build.0 = Debug|Any CPU
		{222DD2AE-D01A-4DC7-BE25-C9F89CD000B2}.Debug|iPhoneSimulator.Deploy.0 = Debug|Any CPU
		{222DD2AE-D01A-4DC7-BE25-C9F89CD000B2}.Release|Any CPU.ActiveCfg = Release|Any CPU
		{222DD2AE-D01A-4DC7-BE25-C9F89CD000B2}.Release|Any CPU.Build.0 = Release|Any CPU
		{222DD2AE-D01A-4DC7-BE25-C9F89CD000B2}.Release|Any CPU.Deploy.0 = Release|Any CPU
		{222DD2AE-D01A-4DC7-BE25-C9F89CD000B2}.Release|iPhone.ActiveCfg = Release|Any CPU
		{222DD2AE-D01A-4DC7-BE25-C9F89CD000B2}.Release|iPhone.Build.0 = Release|Any CPU
		{222DD2AE-D01A-4DC7-BE25-C9F89CD000B2}.Release|iPhone.Deploy.0 = Release|Any CPU
		{222DD2AE-D01A-4DC7-BE25-C9F89CD000B2}.Release|iPhoneSimulator.ActiveCfg = Release|Any CPU
		{222DD2AE-D01A-4DC7-BE25-C9F89CD000B2}.Release|iPhoneSimulator.Build.0 = Release|Any CPU
		{222DD2AE-D01A-4DC7-BE25-C9F89CD000B2}.Release|iPhoneSimulator.Deploy.0 = Release|Any CPU
	EndGlobalSection
	GlobalSection(SolutionProperties) = preSolution
		HideSolutionNode = FALSE
	EndGlobalSection
	GlobalSection(ExtensibilityGlobals) = postSolution
		SolutionGuid = {784A0677-FBAB-4C7F-BB49-63BC7E793956}
	EndGlobalSection
EndGlobal
